
Microsoft Visual Studio Solution File, Format Version 12.00
# Visual Studio 15
VisualStudioVersion = 15.0.28307.438
MinimumVisualStudioVersion = 10.0.40219.1
Project("{FAE04EC0-301F-11D3-BF4B-00C04F79EFBC}") = "Music Albums Base", "Music Albums Base\Music Albums Base.csproj", "{CCC54ADD-85B0-462C-B79E-2879A793B74D}"
EndProject
Global
	GlobalSection(SolutionConfigurationPlatforms) = preSolution
		Debug|Any CPU = Debug|Any CPU
		Release|Any CPU = Release|Any CPU
	EndGlobalSection
	GlobalSection(ProjectConfigurationPlatforms) = postSolution
		{CCC54ADD-85B0-462C-B79E-2879A793B74D}.Debug|Any CPU.ActiveCfg = Debug|Any CPU
		{CCC54ADD-85B0-462C-B79E-2879A793B74D}.Debug|Any CPU.Build.0 = Debug|Any CPU
		{CCC54ADD-85B0-462C-B79E-2879A793B74D}.Release|Any CPU.ActiveCfg = Release|Any CPU
		{CCC54ADD-85B0-462C-B79E-2879A793B74D}.Release|Any CPU.Build.0 = Release|Any CPU
	EndGlobalSection
	GlobalSection(SolutionProperties) = preSolution
		HideSolutionNode = FALSE
	EndGlobalSection
	GlobalSection(ExtensibilityGlobals) = postSolution
		SolutionGuid = {090642CD-DCF7-4CC4-9191-0F935F32ECA6}
	EndGlobalSection
EndGlobal
